{
  "name": "@eivor1000/medium-common",
  "version": "1.0.1",
  "lockfileVersion": 3,
  "requires": true,
  "packages": {
    "": {
      "name": "@eivor1000/medium-common",
      "version": "1.0.1",
      "license": "ISC",
      "dependencies": {
        "@eivor1000/medium-common": "^1.0.1",
        "zod": "^3.25.76"
      }
    },
    "node_modules/@eivor1000/medium-common": {
      "version": "1.0.1",
      "resolved": "https://registry.npmjs.org/@eivor1000/medium-common/-/medium-common-1.0.1.tgz",
      "integrity": "sha512-jB7zOj38UAEA74aS5CSS7kVfMhUhP/o/x3Lnuh3N0C7yUHnl5GeUhJQRKeuOGg7ZZQURiIfGBmNQFWGILrMPLg==",
      "license": "ISC",
      "dependencies": {
        "zod": "^4.0.5"
      }
    },
    "node_modules/@eivor1000/medium-common/node_modules/zod": {
      "version": "4.1.11",
      "resolved": "https://registry.npmjs.org/zod/-/zod-4.1.11.tgz",
      "integrity": "sha512-WPsqwxITS2tzx1bzhIKsEs19ABD5vmCVa4xBo2tq/SrV4RNZtfws1EnCWQXM6yh8bD08a1idvkB5MZSBiZsjwg==",
      "license": "MIT",
      "funding": {
        "url": "https://github.com/sponsors/colinhacks"
      }
    },
    "node_modules/zod": {
      "version": "3.25.76",
      "resolved": "https://registry.npmjs.org/zod/-/zod-3.25.76.tgz",
      "integrity": "sha512-gzUt/qt81nXsFGKIFcC3YnfEAx5NkunCfnDlvuBSSFS02bcXu4Lmea0AFIUwbLWxWPx3d9p8S5QoaujKcNQxcQ==",
      "license": "MIT",
      "funding": {
        "url": "https://github.com/sponsors/colinhacks"
      }
    }
  }
}
